
Microsoft Visual Studio Solution File, Format Version 12.00
# Visual Studio Version 17
VisualStudioVersion = 17.10.35013.160
MinimumVisualStudioVersion = 10.0.40219.1
Project("{9A19103F-16F7-4668-BE54-9A1E7A4F7556}") = "HotelBookingAPI", "HotelBookingAPI\HotelBookingAPI.csproj", "{C0B9EF0D-9D42-4F3F-881F-1535B93BCC79}"
EndProject
Global
	GlobalSection(SolutionConfigurationPlatforms) = preSolution
		Debug|Any CPU = Debug|Any CPU
		Release|Any CPU = Release|Any CPU
	EndGlobalSection
	GlobalSection(ProjectConfigurationPlatforms) = postSolution
		{C0B9EF0D-9D42-4F3F-881F-1535B93BCC79}.Debug|Any CPU.ActiveCfg = Debug|Any CPU
		{C0B9EF0D-9D42-4F3F-881F-1535B93BCC79}.Debug|Any CPU.Build.0 = Debug|Any CPU
		{C0B9EF0D-9D42-4F3F-881F-1535B93BCC79}.Release|Any CPU.ActiveCfg = Release|Any CPU
		{C0B9EF0D-9D42-4F3F-881F-1535B93BCC79}.Release|Any CPU.Build.0 = Release|Any CPU
	EndGlobalSection
	GlobalSection(SolutionProperties) = preSolution
		HideSolutionNode = FALSE
	EndGlobalSection
	GlobalSection(ExtensibilityGlobals) = postSolution
		SolutionGuid = {88F8F224-AE3D-42E7-9604-81E855E6B281}
	EndGlobalSection
EndGlobal
